lockfileVersion: '9.0'

settings:
  autoInstallPeers: true
  excludeLinksFromLockfile: false

importers:

  .:
    devDependencies:
      '@biomejs/biome':
        specifier: 2.5.12
        version: 2.5.12
      '@fontsource/figtree':
        specifier: 5.3.0
        version: 5.3.0
      '@fontsource/gabarito':
        specifier: 5.3.0
        version: 5.3.0
      '@playwright/test':
        specifier: 1.61.1
        version: 1.61.1

packages:

  '@biomejs/biome@2.5.12':
    resolution: {integrity: sha512-Lw4VHZRebrReBBnlHa12JQjnIBm3JJAA55PDB9LbBVBF0q4RYphm6KfmIjqtPhf61MxZ5Q9KoK8R8x+7per5Aw==}
    engines: {node: '>=14.21.3'}
    hasBin: true

  '@biomejs/cli-darwin-arm64@2.5.12':
    resolution: {integrity: sha512-lCRY1rwgNeWNgTr4DI/u6ZwXTRwRLHAvbaio1YLLGS+4r1nhvB2ssyPqIpfUSmRveNfv0fn/N58C7CAdK2XVrg==}
    engines: {node: '>=14.21.3'}
    cpu: [arm64]
    os: [darwin]

  '@biomejs/cli-darwin-x64@2.5.12':
    resolution: {integrity: sha512-vhPgwnh+6tN3ArdAXuET99xaNbFt7CG82Bqn+omHVLC5xdVx45JsYjGPmUIGNzjDek5XdNCP1HKksK7fn8+3bQ==}
    engines: {node: '>=14.21.3'}
    cpu: [x64]
    os: [darwin]

  '@biomejs/cli-linux-arm64-musl@2.5.12':
    resolution: {integrity: sha512-couHYjFLL5uuI8ne6zhT7KwEsXo5YP7ry/2xmEqah7qanu0YmfDi3mwJg47YXSuv/NpZj22CZzcRH/5c4gjPSQ==}
    engines: {node: '>=14.21.3'}
    cpu: [arm64]
    os: [linux]
    libc: [musl]

  '@biomejs/cli-linux-arm64@2.5.12':
    resolution: {integrity: sha512-2gp8aVwXYKdAtmBfRFCUuyDMcfN1ahHqUkGfLYrZlNRFmryMATLVvJgWKvyA8wu4Rwn5OSxM1UcUmOuOFNGeBQ==}
    engines: {node: '>=14.21.3'}
    cpu: [arm64]
    os: [linux]
    libc: [glibc]

  '@biomejs/cli-linux-x64-musl@2.5.12':
    resolution: {integrity: sha512-8A0oDW58/w9f/PQNYuq0sGUZtGtGrkNF4Z6n0PUoXpLCshi85vtKTv1XSznQawhdE4MXJ8ufpzHXyLFe87M/+w==}
    engines: {node: '>=14.21.3'}
    cpu: [x64]
    os: [linux]
    libc: [musl]

  '@biomejs/cli-linux-x64@2.5.12':
    resolution: {integrity: sha512-SnvOs3TSTiuia4SQOUNe1aWC9RT4+YkjcKnOhL/nsKOV0k5ycgBkDzF0lUxKn1V7Q8CLTRq6iV23ZAivHomRoA==}
    engines: {node: '>=14.21.3'}
    cpu: [x64]
    os: [linux]
    libc: [glibc]

  '@biomejs/cli-win32-arm64@2.5.12':
    resolution: {integrity: sha512-b9vtoZFsuZt1pdjNwJvXl0f+BpayRzV008uS2+JpmwIKdSE2qdu4A/l04FESwLoou5g2E/Qlec0xwJydZplH+A==}
    engines: {node: '>=14.21.3'}
    cpu: [arm64]
    os: [win32]

  '@biomejs/cli-win32-x64@2.5.12':
    resolution: {integrity: sha512-B1R/l+CwEpKFSuqiwePzPNRk1EiJN8kc0UhdafNz6MZN9v5OFP9HYP1irptvWzHrwVI4blVNGMbxc5zt70m3IA==}
    engines: {node: '>=14.21.3'}
    cpu: [x64]
    os: [win32]

  '@fontsource/figtree@5.3.0':
    resolution: {integrity: sha512-/iTcTXL1eRBGhvD7NN9dnKzXzWqDLVZVEUFI9xIxAC1G/hXU8tCyYeXCAuPOuvSYPInFUP7H6KLGgygmDfy1SA==}

  '@fontsource/gabarito@5.3.0':
    resolution: {integrity: sha512-hpFHOvTBQx8OjPWcGMsTUVMNGhXjATebG1QLIYxxawKDkeskXjgwPD4v3LRsGBU4/8Za+odJiX/FmjCJ3mymcA==}

  '@playwright/test@1.61.1':
    resolution: {integrity: sha512-8nKv6+0RJSL9FE4jYOEGXnPeM/Hg12qZpmqzZjRh3qM0Y7c3z1mrOTfFLids72RDQYVh9WpLEfR5WdpNX4fkig==}
    engines: {node: '>=18'}
    hasBin: true

  fsevents@2.3.2:
    resolution: {integrity: sha512-xiqMQR4xAeHTuB9uWm+fFRcIOgKBMiOBP+eXiyT7jsgVCq1bkVygt00oASowB7EdtpOHaaPgKt812P9ab+DDKA==}
    engines: {node: ^8.16.0 || ^10.6.0 || >=11.0.0}
    os: [darwin]

  playwright-core@1.61.1:
    resolution: {integrity: sha512-h7Qlt6m4REp25qvIdvbDtVmD4LqVXfpRxhORv9L0jzETM05p4fuPJ3dKyuSXQxDSbXnmS79HAgi9589lGSpLkg==}
    engines: {node: '>=18'}
    hasBin: true

  playwright@1.61.1:
    resolution: {integrity: sha512-DWnY5o3YbLWK4GovuAVwpqL+1VwGNdUGrRr++8j8PtQQzvAVZUIMjKQ90fY689sEJZJBbZVw1rXaOKSTitkzPQ==}
    engines: {node: '>=18'}
    hasBin: true

snapshots:

  '@biomejs/biome@2.5.12':
    optionalDependencies:
      '@biomejs/cli-darwin-arm64': 2.5.12
      '@biomejs/cli-darwin-x64': 2.5.12
      '@biomejs/cli-linux-arm64': 2.5.12
      '@biomejs/cli-linux-arm64-musl': 2.5.12
      '@biomejs/cli-linux-x64': 2.5.12
      '@biomejs/cli-linux-x64-musl': 2.5.12
      '@biomejs/cli-win32-arm64': 2.5.12
      '@biomejs/cli-win32-x64': 2.5.12

  '@biomejs/cli-darwin-arm64@2.5.12':
    optional: true

  '@biomejs/cli-darwin-x64@2.5.12':
    optional: true

  '@biomejs/cli-linux-arm64-musl@2.5.12':
    optional: true

  '@biomejs/cli-linux-arm64@2.5.12':
    optional: true

  '@biomejs/cli-linux-x64-musl@2.5.12':
    optional: true

  '@biomejs/cli-linux-x64@2.5.12':
    optional: true

  '@biomejs/cli-win32-arm64@2.5.12':
    optional: true

  '@biomejs/cli-win32-x64@2.5.12':
    optional: true

  '@fontsource/figtree@5.3.0': {}

  '@fontsource/gabarito@5.3.0': {}

  '@playwright/test@1.61.1':
    dependencies:
      playwright: 1.61.1

  fsevents@2.3.2:
    optional: true

  playwright-core@1.61.1: {}

  playwright@1.61.1:
    dependencies:
      playwright-core: 1.61.1
    optionalDependencies:
      fsevents: 2.3.2
